# Engine sources Slipgate builds from. Written by fetch-sources.sh --update.
#
# The commit is what actually gets built; the tag is recorded so a human can see which release it
# is. CI fails when a fetched tree does not match this file, so a moved tag cannot slip through.

[chocolate-doom]
repository = https://github.com/chocolate-doom/chocolate-doom.git
tag = chocolate-doom-3.1.1
commit = 410d96855b5df5410ff591a90efeafa889119224

# Artifacts built from these sources, so a rebuild that changes a module is visible in review.
[verification]
artifact = host/backend/wasm/src/jvmTest/resources/longjmp_probe.wasm
sha256 = be2f3207e03802ac53d134b307023f4d237231835326f72ca26e0bac4a47fef1
emscripten = 6.0.7
flags = -fwasm-exceptions -sSUPPORT_LONGJMP=wasm -sWASM_LEGACY_EXCEPTIONS=0 -sSTANDALONE_WASM --no-entry -Oz

[mars]
artifact = games/mars/src/commonMain/composeResources/files/mars.wasm
sha256 = 7a8998d272bfbfd2a857f9260153ee237c44db3e4d93240740a51ebf659f11b7
emscripten = 6.0.7
flags = -fwasm-exceptions -sSUPPORT_LONGJMP=wasm -sWASM_LEGACY_EXCEPTIONS=0 -sSTANDALONE_WASM -sINITIAL_MEMORY=67108864 -sALLOW_MEMORY_GROWTH=1 -Wl,--wrap=M_FileCaseExists --no-entry -Oz

[corvus]
artifact = games/corvus/src/commonMain/composeResources/files/corvus.wasm
sha256 = 2cbe9a818457b897607dcd49e9114f2e383db29b18ba949fe9c3785e813cb4a3
emscripten = 6.0.7
flags = -fwasm-exceptions -sSUPPORT_LONGJMP=wasm -sWASM_LEGACY_EXCEPTIONS=0 -sSTANDALONE_WASM -sINITIAL_MEMORY=67108864 -sALLOW_MEMORY_GROWTH=1 -Wl,--wrap=M_FileCaseExists --no-entry -Oz

[korax]
artifact = games/korax/src/commonMain/composeResources/files/korax.wasm
sha256 = 823fc46e136aafffe035b8d8826845d00e8fbbe59375e32fd003213b1f078d1b
emscripten = 6.0.7
flags = -fwasm-exceptions -sSUPPORT_LONGJMP=wasm -sWASM_LEGACY_EXCEPTIONS=0 -sSTANDALONE_WASM -sINITIAL_MEMORY=100663296 -sALLOW_MEMORY_GROWTH=1 -Wl,--wrap=M_FileCaseExists --no-entry -Oz

