# Engine sources Slipgate builds from. Written by fetch-sources.sh --update.
#
# The commit is what actually gets built; the tag is recorded so a human can see which release it
# is. CI fails when a fetched tree does not match this file, so a moved tag cannot slip through.

[chocolate-doom]
repository = https://github.com/chocolate-doom/chocolate-doom.git
tag = chocolate-doom-3.1.1
commit = 410d96855b5df5410ff591a90efeafa889119224

# Artifacts built from these sources, so a rebuild that changes a module is visible in review.
[verification]
artifact = host/backend/wasm/src/jvmTest/resources/longjmp_probe.wasm
sha256 = be2f3207e03802ac53d134b307023f4d237231835326f72ca26e0bac4a47fef1
emscripten = 6.0.7
flags = -fwasm-exceptions -sSUPPORT_LONGJMP=wasm -sWASM_LEGACY_EXCEPTIONS=0 -sSTANDALONE_WASM --no-entry -Oz

[mars]
artifact = games/mars/src/commonMain/composeResources/files/mars.wasm
sha256 = 4f7b026b139838ca01a3a1046aba6b9e31dca076323636fa8de8fe4fe2f00f6c
emscripten = 6.0.7
flags = -fwasm-exceptions -sSUPPORT_LONGJMP=wasm -sWASM_LEGACY_EXCEPTIONS=0 -sSTANDALONE_WASM -sINITIAL_MEMORY=67108864 -sALLOW_MEMORY_GROWTH=1 -Wl,--wrap=M_FileCaseExists --no-entry -Oz

[corvus]
artifact = games/corvus/src/commonMain/composeResources/files/corvus.wasm
sha256 = a88cbb20898dd839cfb1f20e19127be570fc1592afd72d92d0c17ba4a9cdc2da
emscripten = 6.0.7
flags = -fwasm-exceptions -sSUPPORT_LONGJMP=wasm -sWASM_LEGACY_EXCEPTIONS=0 -sSTANDALONE_WASM -sINITIAL_MEMORY=67108864 -sALLOW_MEMORY_GROWTH=1 -Wl,--wrap=M_FileCaseExists --no-entry -Oz

[korax]
artifact = games/korax/src/commonMain/composeResources/files/korax.wasm
sha256 = 7cfbed6023a06115c8e3da84493bc3045e11438645ccc9c8d41d17059769a433
emscripten = 6.0.7
flags = -fwasm-exceptions -sSUPPORT_LONGJMP=wasm -sWASM_LEGACY_EXCEPTIONS=0 -sSTANDALONE_WASM -sINITIAL_MEMORY=100663296 -sALLOW_MEMORY_GROWTH=1 -Wl,--wrap=M_FileCaseExists --no-entry -Oz

